{
	"name": "co-diagramador",
	"version": "0.0.1",
	"lockfileVersion": 3,
	"requires": true,
	"packages": {
		"": {
			"name": "co-diagramador",
			"version": "0.0.1",
			"license": "MIT",
			"dependencies": {
				"co-doc-core": "file:../../packages/co-doc-core",
				"co-preview-core": "file:../../packages/co-preview-core",
				"co-storage-core": "file:../../packages/co-storage-core",
				"co-template-core": "file:../../packages/co-template-core",
				"yauzl": "^3.0.0",
				"yazl": "^2.5.1"
			},
			"devDependencies": {
				"@types/node": "^22.18.10",
				"@types/yauzl": "^2.10.0",
				"@types/yazl": "^2.4.2"
			},
			"engines": {
				"vscode": "^1.90.0"
			}
		},
		"../../packages/co-doc-core": {
			"version": "0.0.1",
			"license": "MIT",
			"devDependencies": {
				"@types/node": "^22.18.10"
			}
		},
		"../../packages/co-preview-core": {
			"version": "0.0.1",
			"license": "MIT",
			"devDependencies": {
				"@types/node": "^22.18.10"
			}
		},
		"../../packages/co-storage-core": {
			"version": "0.0.1",
			"license": "MIT",
			"devDependencies": {
				"@types/node": "^22.18.10"
			}
		},
		"../../packages/co-template-core": {
			"version": "0.0.1",
			"license": "MIT",
			"devDependencies": {
				"@types/node": "^22.18.10"
			}
		},
		"node_modules/@types/node": {
			"version": "22.19.10",
			"resolved": "https://registry.npmjs.org/@types/node/-/node-22.19.10.tgz",
			"integrity": "sha512-tF5VOugLS/EuDlTBijk0MqABfP8UxgYazTLo3uIn3b4yJgg26QRbVYJYsDtHrjdDUIRfP70+VfhTTc+CE1yskw==",
			"dev": true,
			"license": "MIT",
			"dependencies": {
				"undici-types": "~6.21.0"
			}
		},
		"node_modules/@types/yauzl": {
			"version": "2.10.3",
			"resolved": "https://registry.npmjs.org/@types/yauzl/-/yauzl-2.10.3.tgz",
			"integrity": "sha512-oJoftv0LSuaDZE3Le4DbKX+KS9G36NzOeSap90UIK0yMA/NhKJhqlSGtNDORNRaIbQfzjXDrQa0ytJ6mNRGz/Q==",
			"dev": true,
			"license": "MIT",
			"dependencies": {
				"@types/node": "*"
			}
		},
		"node_modules/@types/yazl": {
			"version": "2.4.6",
			"resolved": "https://registry.npmjs.org/@types/yazl/-/yazl-2.4.6.tgz",
			"integrity": "sha512-/ifFjQtcKaoZOjl5NNCQRR0fAKafB3Foxd7J/WvFPTMea46zekapcR30uzkwIkKAAuq5T6d0dkwz754RFH27hg==",
			"dev": true,
			"license": "MIT",
			"dependencies": {
				"@types/node": "*"
			}
		},
		"node_modules/buffer-crc32": {
			"version": "0.2.13",
			"resolved": "https://registry.npmjs.org/buffer-crc32/-/buffer-crc32-0.2.13.tgz",
			"integrity": "sha512-VO9Ht/+p3SN7SKWqcrgEzjGbRSJYTx+Q1pTQC0wrWqHx0vpJraQ6GtHx8tvcg1rlK1byhU5gccxgOgj7B0TDkQ==",
			"license": "MIT",
			"engines": {
				"node": "*"
			}
		},
		"node_modules/co-doc-core": {
			"resolved": "../../packages/co-doc-core",
			"link": true
		},
		"node_modules/co-preview-core": {
			"resolved": "../../packages/co-preview-core",
			"link": true
		},
		"node_modules/co-storage-core": {
			"resolved": "../../packages/co-storage-core",
			"link": true
		},
		"node_modules/co-template-core": {
			"resolved": "../../packages/co-template-core",
			"link": true
		},
		"node_modules/pend": {
			"version": "1.2.0",
			"resolved": "https://registry.npmjs.org/pend/-/pend-1.2.0.tgz",
			"integrity": "sha512-F3asv42UuXchdzt+xXqfW1OGlVBe+mxa2mqI0pg5yAHZPvFmY3Y6drSf/GQ1A86WgWEN9Kzh/WrgKa6iGcHXLg==",
			"license": "MIT"
		},
		"node_modules/undici-types": {
			"version": "6.21.0",
			"resolved": "https://registry.npmjs.org/undici-types/-/undici-types-6.21.0.tgz",
			"integrity": "sha512-iwDZqg0QAGrg9Rav5H4n0M64c3mkR59cJ6wQp+7C4nI0gsmExaedaYLNO44eT4AtBBwjbTiGPMlt2Md0T9H9JQ==",
			"dev": true,
			"license": "MIT"
		},
		"node_modules/yauzl": {
			"version": "3.2.0",
			"resolved": "https://registry.npmjs.org/yauzl/-/yauzl-3.2.0.tgz",
			"integrity": "sha512-Ow9nuGZE+qp1u4JIPvg+uCiUr7xGQWdff7JQSk5VGYTAZMDe2q8lxJ10ygv10qmSj031Ty/6FNJpLO4o1Sgc+w==",
			"license": "MIT",
			"dependencies": {
				"buffer-crc32": "~0.2.3",
				"pend": "~1.2.0"
			},
			"engines": {
				"node": ">=12"
			}
		},
		"node_modules/yazl": {
			"version": "2.5.1",
			"resolved": "https://registry.npmjs.org/yazl/-/yazl-2.5.1.tgz",
			"integrity": "sha512-phENi2PLiHnHb6QBVot+dJnaAZ0xosj7p3fWl+znIjBDlnMI2PsZCJZ306BPTFOaHf5qdDEI8x5qFrSOBN5vrw==",
			"license": "MIT",
			"dependencies": {
				"buffer-crc32": "~0.2.3"
			}
		}
	}
}
